
Microsoft Visual Studio Solution File, Format Version 11.00
# Visual Studio 2010
Project("{FAE04EC0-301F-11D3-BF4B-00C04F79EFBC}") = "TweetSourceLib", "TweetSourceLib\TweetSourceLib.csproj", "{C26E8F76-BC42-4254-B818-09ECFE309509}"
EndProject
Project("{FAE04EC0-301F-11D3-BF4B-00C04F79EFBC}") = "TweetSourceClientDemo", "TweetSourceClientDemo\TweetSourceClientDemo.csproj", "{587E9F7A-245C-4FE7-BC70-31BD9D6B540A}"
EndProject
Project("{FAE04EC0-301F-11D3-BF4B-00C04F79EFBC}") = "TweetSourceTest", "TweetSourceTest\TweetSourceTest.csproj", "{A061251B-D911-40C8-ACE2-54389786EEEC}"
EndProject
Global
	GlobalSection(SolutionConfigurationPlatforms) = preSolution
		Debug|Any CPU = Debug|Any CPU
		Release|Any CPU = Release|Any CPU
	EndGlobalSection
	GlobalSection(ProjectConfigurationPlatforms) = postSolution
		{587E9F7A-245C-4FE7-BC70-31BD9D6B540A}.Debug|Any CPU.ActiveCfg = Debug|Any CPU
		{587E9F7A-245C-4FE7-BC70-31BD9D6B540A}.Debug|Any CPU.Build.0 = Debug|Any CPU
		{587E9F7A-245C-4FE7-BC70-31BD9D6B540A}.Debug|Mixed Platforms.ActiveCfg = Debug|Any CPU
		{587E9F7A-245C-4FE7-BC70-31BD9D6B540A}.Debug|Mixed Platforms.Build.0 = Debug|Any CPU
		{587E9F7A-245C-4FE7-BC70-31BD9D6B540A}.Debug|x86.ActiveCfg = Debug|Any CPU
		{587E9F7A-245C-4FE7-BC70-31BD9D6B540A}.Release|Any CPU.ActiveCfg = Release|Any CPU
		{587E9F7A-245C-4FE7-BC70-31BD9D6B540A}.Release|Any CPU.Build.0 = Release|Any CPU
		{587E9F7A-245C-4FE7-BC70-31BD9D6B540A}.Release|Mixed Platforms.ActiveCfg = Release|Any CPU
		{587E9F7A-245C-4FE7-BC70-31BD9D6B540A}.Release|Mixed Platforms.Build.0 = Release|Any CPU
		{587E9F7A-245C-4FE7-BC70-31BD9D6B540A}.Release|x86.ActiveCfg = Release|Any CPU
		{A061251B-D911-40C8-ACE2-54389786EEEC}.Debug|Any CPU.ActiveCfg = Debug|Any CPU
		{A061251B-D911-40C8-ACE2-54389786EEEC}.Debug|Any CPU.Build.0 = Debug|Any CPU
		{A061251B-D911-40C8-ACE2-54389786EEEC}.Debug|Mixed Platforms.ActiveCfg = Debug|Any CPU
		{A061251B-D911-40C8-ACE2-54389786EEEC}.Debug|Mixed Platforms.Build.0 = Debug|Any CPU
		{A061251B-D911-40C8-ACE2-54389786EEEC}.Debug|x86.ActiveCfg = Debug|Any CPU
		{A061251B-D911-40C8-ACE2-54389786EEEC}.Release|Any CPU.ActiveCfg = Release|Any CPU
		{A061251B-D911-40C8-ACE2-54389786EEEC}.Release|Any CPU.Build.0 = Release|Any CPU
		{A061251B-D911-40C8-ACE2-54389786EEEC}.Release|Mixed Platforms.ActiveCfg = Release|Any CPU
		{A061251B-D911-40C8-ACE2-54389786EEEC}.Release|Mixed Platforms.Build.0 = Release|Any CPU
		{A061251B-D911-40C8-ACE2-54389786EEEC}.Release|x86.ActiveCfg = Release|Any CPU
		{C26E8F76-BC42-4254-B818-09ECFE309509}.Debug|Any CPU.ActiveCfg = Debug|Any CPU
		{C26E8F76-BC42-4254-B818-09ECFE309509}.Debug|Any CPU.Build.0 = Debug|Any CPU
		{C26E8F76-BC42-4254-B818-09ECFE309509}.Debug|Mixed Platforms.ActiveCfg = Debug|Any CPU
		{C26E8F76-BC42-4254-B818-09ECFE309509}.Debug|Mixed Platforms.Build.0 = Debug|Any CPU
		{C26E8F76-BC42-4254-B818-09ECFE309509}.Debug|x86.ActiveCfg = Debug|Any CPU
		{C26E8F76-BC42-4254-B818-09ECFE309509}.Release|Any CPU.ActiveCfg = Release|Any CPU
		{C26E8F76-BC42-4254-B818-09ECFE309509}.Release|Any CPU.Build.0 = Release|Any CPU
		{C26E8F76-BC42-4254-B818-09ECFE309509}.Release|Mixed Platforms.ActiveCfg = Release|Any CPU
		{C26E8F76-BC42-4254-B818-09ECFE309509}.Release|Mixed Platforms.Build.0 = Release|Any CPU
		{C26E8F76-BC42-4254-B818-09ECFE309509}.Release|x86.ActiveCfg = Release|Any CPU
	EndGlobalSection
	GlobalSection(MonoDevelopProperties) = preSolution
		StartupItem = TweetSourceClientDemo\TweetSourceClientDemo.csproj
	EndGlobalSection
	GlobalSection(SolutionProperties) = preSolution
		HideSolutionNode = FALSE
	EndGlobalSection
EndGlobal
